// !$*UTF8*$!
{
	archiveVersion = 1;
	classes = {
	};
	objectVersion = 48;
	objects = {

/* Begin PBXBuildFile section */
		830AC16C1FD3D2FD004221A3 /* AppDelegate.swift in Sources */ = {isa = PBXBuildFile; fileRef = 830AC16B1FD3D2FD004221A3 /* AppDelegate.swift */; };
		830AC16E1FD3D2FD004221A3 /* ViewController.swift in Sources */ = {isa = PBXBuildFile; fileRef = 830AC16D1FD3D2FD004221A3 /* ViewController.swift */; };
		830AC1711FD3D2FD004221A3 /* Main.storyboard in Resources */ = {isa = PBXBuildFile; fileRef = 830AC16F1FD3D2FD004221A3 /* Main.storyboard */; };
		830AC1731FD3D2FD004221A3 /* Assets.xcassets in Resources */ = {isa = PBXBuildFile; fileRef = 830AC1721FD3D2FD004221A3 /* Assets.xcassets */; };
		830AC1761FD3D2FD004221A3 /* LaunchScreen.storyboard in Resources */ = {isa = PBXBuildFile; fileRef = 830AC1741FD3D2FD004221A3 /* LaunchScreen.storyboard */; };
/* End PBXBuildFile section */

/* Begin PBXFileReference section */
		830AC1681FD3D2FD004221A3 /* Florist.app */ = {isa = PBXFileReference; explicitFileType = wrapper.application; includeInIndex = 0; path = Florist.app; sourceTree = BUILT_PRODUCTS_DIR; };
		830AC16B1FD3D2FD004221A3 /* AppDelegate.swift */ = {isa = PBXFileReference; lastKnownFileType = sourcecode.swift; path = AppDelegate.swift; sourceTree = "<group>"; };
		830AC16D1FD3D2FD004221A3 /* ViewController.swift */ = {isa = PBXFileReference; lastKnownFileType = sourcecode.swift; path = ViewController.swift; sourceTree = "<group>"; };
		830AC1701FD3D2FD004221A3 /* Base */ = {isa = PBXFileReference; lastKnownFileType = file.storyboard; name = Base; path = Base.lproj/Main.storyboard; sourceTree = "<group>"; };
		830AC1721FD3D2FD004221A3 /* Assets.xcassets */ = {isa = PBXFileReference; lastKnownFileType = folder.assetcatalog; path = Assets.xcassets; sourceTree = "<group>"; };
		830AC1751FD3D2FD004221A3 /* Base */ = {isa = PBXFileReference; lastKnownFileType = file.storyboard; name = Base; path = Base.lproj/LaunchScreen.storyboard; sourceTree = "<group>"; };
		830AC1771FD3D2FD004221A3 /* Info.plist */ = {isa = PBXFileReference; lastKnownFileType = text.plist.xml; path = Info.plist; sourceTree = "<group>"; };
/* End PBXFileReference section */

/* Begin PBXFrameworksBuildPhase section */
		830AC1651FD3D2FD004221A3 /* Frameworks */ = {
			isa = PBXFrameworksBuildPhase;
			buildActionMask = 2147483647;
			files = (
			);
			runOnlyForDeploymentPostprocessing = 0;
		};
/* End PBXFrameworksBuildPhase section */

/* Begin PBXGroup section */
		830AC15F1FD3D2FD004221A3 = {
			isa = PBXGroup;
			children = (
				830AC16A1FD3D2FD004221A3 /* Florist */,
				830AC1691FD3D2FD004221A3 /* Products */,
			);
			sourceTree = "<group>";
		};
		830AC1691FD3D2FD004221A3 /* Products */ = {
			isa = PBXGroup;
			children = (
				830AC1681FD3D2FD004221A3 /* Florist.app */,
			);
			name = Products;
			sourceTree = "<group>";
		};
		830AC16A1FD3D2FD004221A3 /* Florist */ = {
			isa = PBXGroup;
			children = (
				830AC16B1FD3D2FD004221A3 /* AppDelegate.swift */,
				830AC16D1FD3D2FD004221A3 /* ViewController.swift */,
				830AC16F1FD3D2FD004221A3 /* Main.storyboard */,
				830AC1721FD3D2FD004221A3 /* Assets.xcassets */,
				830AC1741FD3D2FD004221A3 /* LaunchScreen.storyboard */,
				830AC1771FD3D2FD004221A3 /* Info.plist */,
			);
			path = Florist;
			sourceTree = "<group>";
		};
/* End PBXGroup section */

/* Begin PBXNativeTarget section */
		830AC1671FD3D2FD004221A3 /* Florist */ = {
			isa = PBXNativeTarget;
			buildConfigurationList = 830AC17A1FD3D2FD004221A3 /* Build configuration list for PBXNativeTarget "Florist" */;
			buildPhases = (
				830AC1641FD3D2FD004221A3 /* Sources */,
				830AC1651FD3D2FD004221A3 /* Frameworks */,
				830AC1661FD3D2FD004221A3 /* Resources */,
			);
			buildRules = (
			);
			dependencies = (
			);
			name = Florist;
			productName = Florist;
			productReference = 830AC1681FD3D2FD004221A3 /* Florist.app */;
			productType = "com.apple.product-type.application";
		};
/* End PBXNativeTarget section */

/* Begin PBXProject section */
		830AC1601FD3D2FD004221A3 /* Project object */ = {
			isa = PBXProject;
			attributes = {
				LastSwiftUpdateCheck = 0910;
				LastUpgradeCheck = 0910;
				ORGANIZATIONNAME = "Tech-IN";
				TargetAttributes = {
					830AC1671FD3D2FD004221A3 = {
						CreatedOnToolsVersion = 9.1;
						ProvisioningStyle = Automatic;
					};
				};
			};
			buildConfigurationList = 830AC1631FD3D2FD004221A3 /* Build configuration list for PBXProject "Florist" */;
			compatibilityVersion = "Xcode 8.0";
			developmentRegion = en;
			hasScannedForEncodings = 0;
			knownRegions = (
				en,
				Base,
			);
			mainGroup = 830AC15F1FD3D2FD004221A3;
			productRefGroup = 830AC1691FD3D2FD004221A3 /* Products */;
			projectDirPath = "";
			projectRoot = "";
			targets = (
				830AC1671FD3D2FD004221A3 /* Florist */,
			);
		};
/* End PBXProject section */

/* Begin PBXResourcesBuildPhase section */
		830AC1661FD3D2FD004221A3 /* Resources */ = {
			isa = PBXResourcesBuildPhase;
			buildActionMask = 2147483647;
			files = (
				830AC1761FD3D2FD004221A3 /* LaunchScreen.storyboard in Resources */,
				830AC1731FD3D2FD004221A3 /* Assets.xcassets in Resources */,
				830AC1711FD3D2FD004221A3 /* Main.storyboard in Resources */,
			);
			runOnlyForDeploymentPostprocessing = 0;
		};
/* End PBXResourcesBuildPhase section */

/* Begin PBXSourcesBuildPhase section */
		830AC1641FD3D2FD004221A3 /* Sources */ = {
			isa = PBXSourcesBuildPhase;
			buildActionMask = 2147483647;
			files = (
				830AC16E1FD3D2FD004221A3 /* ViewController.swift in Sources */,
				830AC16C1FD3D2FD004221A3 /* AppDelegate.swift in Sources */,
			);
			runOnlyForDeploymentPostprocessing = 0;
		};
/* End PBXSourcesBuildPhase section */

/* Begin PBXVariantGroup section */
		830AC16F1FD3D2FD004221A3 /* Main.storyboard */ = {
			isa = PBXVariantGroup;
			children = (
				830AC1701FD3D2FD004221A3 /* Base */,
			);
			name = Main.storyboard;
			sourceTree = "<group>";
		};
		830AC1741FD3D2FD004221A3 /* LaunchScreen.storyboard */ = {
			isa = PBXVariantGroup;
			children = (
				830AC1751FD3D2FD004221A3 /* Base */,
			);
			name = LaunchScreen.storyboard;
			sourceTree = "<group>";
		};
/* End PBXVariantGroup section */

/* Begin XCBuildConfiguration section */
		830AC1781FD3D2FD004221A3 /* Debug */ = {
			isa = XCBuildConfiguration;
			buildSettings = {
				ALWAYS_SEARCH_USER_PATHS = NO;
				CLANG_ANALYZER_NONNULL = YES;
				CLANG_ANALYZER_NUMBER_OBJECT_CONVERSION = YES_AGGRESSIVE;
				CLANG_CXX_LANGUAGE_STANDARD = "gnu++14";
				CLANG_CXX_LIBRARY = "libc++";
				CLANG_ENABLE_MODULES = YES;
				CLANG_ENABLE_OBJC_ARC = YES;
				CLANG_WARN_BLOCK_CAPTURE_AUTORELEASING = YES;
				CLANG_WARN_BOOL_CONVERSION = YES;
				CLANG_WARN_COMMA = YES;
				CLANG_WARN_CONSTANT_CONVERSION = YES;
				CLANG_WARN_DIRECT_OBJC_ISA_USAGE = YES_ERROR;
				CLANG_WARN_DOCUMENTATION_COMMENTS = YES;
				CLANG_WARN_EMPTY_BODY = YES;
				CLANG_WARN_ENUM_CONVERSION = YES;
				CLANG_WARN_INFINITE_RECURSION = YES;
				CLANG_WARN_INT_CONVERSION = YES;
				CLANG_WARN_NON_LITERAL_NULL_CONVERSION = YES;
				CLANG_WARN_OBJC_LITERAL_CONVERSION = YES;
				CLANG_WARN_OBJC_ROOT_CLASS = YES_ERROR;
				CLANG_WARN_RANGE_LOOP_ANALYSIS = YES;
				CLANG_WARN_STRICT_PROTOTYPES = YES;
				CLANG_WARN_SUSPICIOUS_MOVE = YES;
				CLANG_WARN_UNGUARDED_AVAILABILITY = YES_AGGRESSIVE;
				CLANG_WARN_UNREACHABLE_CODE = YES;
				CLANG_WARN__DUPLICATE_METHOD_MATCH = YES;
				CODE_SIGN_IDENTITY = "iPhone Developer";
				COPY_PHASE_STRIP = NO;
				DEBUG_INFORMATION_FORMAT = dwarf;
				ENABLE_STRICT_OBJC_MSGSEND = YES;
				ENABLE_TESTABILITY = YES;
				GCC_C_LANGUAGE_STANDARD = gnu11;
				GCC_DYNAMIC_NO_PIC = NO;
				GCC_NO_COMMON_BLOCKS = YES;
				GCC_OPTIMIZATION_LEVEL = 0;
				GCC_PREPROCESSOR_DEFINITIONS = (
					"DEBUG=1",
					"$(inherited)",
				);
				GCC_WARN_64_TO_32_BIT_CONVERSION = YES;
				GCC_WARN_ABOUT_RETURN_TYPE = YES_ERROR;
				GCC_WARN_UNDECLARED_SELECTOR = YES;
				GCC_WARN_UNINITIALIZED_AUTOS = YES_AGGRESSIVE;
				GCC_WARN_UNUSED_FUNCTION = YES;
				GCC_WARN_UNUSED_VARIABLE = YES;
				IPHONEOS_DEPLOYMENT_TARGET = 11.1;
				MTL_ENABLE_DEBUG_INFO = YES;
				ONLY_ACTIVE_ARCH = YES;
				SDKROOT = iphoneos;
				SWIFT_ACTIVE_COMPILATION_CONDITIONS = DEBUG;
				SWIFT_OPTIMIZATION_LEVEL = "-Onone";
			};
			name = Debug;
		};
		830AC1791FD3D2FD004221A3 /* Release */ = {
			isa = XCBuildConfiguration;
			buildSettings = {
				ALWAYS_SEARCH_USER_PATHS = NO;
				CLANG_ANALYZER_NONNULL = YES;
				CLANG_ANALYZER_NUMBER_OBJECT_CONVERSION = YES_AGGRESSIVE;
				CLANG_CXX_LANGUAGE_STANDARD = "gnu++14";
				CLANG_CXX_LIBRARY = "libc++";
				CLANG_ENABLE_MODULES = YES;
				CLANG_ENABLE_OBJC_ARC = YES;
				CLANG_WARN_BLOCK_CAPTURE_AUTORELEASING = YES;
				CLANG_WARN_BOOL_CONVERSION = YES;
				CLANG_WARN_COMMA = YES;
				CLANG_WARN_CONSTANT_CONVERSION = YES;
				CLANG_WARN_DIRECT_OBJC_ISA_USAGE = YES_ERROR;
				CLANG_WARN_DOCUMENTATION_COMMENTS = YES;
				CLANG_WARN_EMPTY_BODY = YES;
				CLANG_WARN_ENUM_CONVERSION = YES;
				CLANG_WARN_INFINITE_RECURSION = YES;
				CLANG_WARN_INT_CONVERSION = YES;
				CLANG_WARN_NON_LITERAL_NULL_CONVERSION = YES;
				CLANG_WARN_OBJC_LITERAL_CONVERSION = YES;
				CLANG_WARN_OBJC_ROOT_CLASS = YES_ERROR;
				CLANG_WARN_RANGE_LOOP_ANALYSIS = YES;
				CLANG_WARN_STRICT_PROTOTYPES = YES;
				CLANG_WARN_SUSPICIOUS_MOVE = YES;
				CLANG_WARN_UNGUARDED_AVAILABILITY = YES_AGGRESSIVE;
				CLANG_WARN_UNREACHABLE_CODE = YES;
				CLANG_WARN__DUPLICATE_METHOD_MATCH = YES;
				CODE_SIGN_IDENTITY = "iPhone Developer";
				COPY_PHASE_STRIP = NO;
				DEBUG_INFORMATION_FORMAT = "dwarf-with-dsym";
				ENABLE_NS_ASSERTIONS = NO;
				ENABLE_STRICT_OBJC_MSGSEND = YES;
				GCC_C_LANGUAGE_STANDARD = gnu11;
				GCC_NO_COMMON_BLOCKS = YES;
				GCC_WARN_64_TO_32_BIT_CONVERSION = YES;
				GCC_WARN_ABOUT_RETURN_TYPE = YES_ERROR;
				GCC_WARN_UNDECLARED_SELECTOR = YES;
				GCC_WARN_UNINITIALIZED_AUTOS = YES_AGGRESSIVE;
				GCC_WARN_UNUSED_FUNCTION = YES;
				GCC_WARN_UNUSED_VARIABLE = YES;
				IPHONEOS_DEPLOYMENT_TARGET = 11.1;
				MTL_ENABLE_DEBUG_INFO = NO;
				SDKROOT = iphoneos;
				SWIFT_OPTIMIZATION_LEVEL = "-Owholemodule";
				VALIDATE_PRODUCT = YES;
			};
			name = Release;
		};
		830AC17B1FD3D2FD004221A3 /* Debug */ = {
			isa = XCBuildConfiguration;
			buildSettings = {
				ASSETCATALOG_COMPILER_APPICON_NAME = AppIcon;
				CODE_SIGN_STYLE = Automatic;
				INFOPLIST_FILE = Florist/Info.plist;
				LD_RUNPATH_SEARCH_PATHS = "$(inherited) @executable_path/Frameworks";
				PRODUCT_BUNDLE_IDENTIFIER = "co.tech-in.Florist";
				PRODUCT_NAME = "$(TARGET_NAME)";
				SWIFT_VERSION = 4.0;
				TARGETED_DEVICE_FAMILY = "1,2";
			};
			name = Debug;
		};
		830AC17C1FD3D2FD004221A3 /* Release */ = {
			isa = XCBuildConfiguration;
			buildSettings = {
				ASSETCATALOG_COMPILER_APPICON_NAME = AppIcon;
				CODE_SIGN_STYLE = Automatic;
				INFOPLIST_FILE = Florist/Info.plist;
				LD_RUNPATH_SEARCH_PATHS = "$(inherited) @executable_path/Frameworks";
				PRODUCT_BUNDLE_IDENTIFIER = "co.tech-in.Florist";
				PRODUCT_NAME = "$(TARGET_NAME)";
				SWIFT_VERSION = 4.0;
				TARGETED_DEVICE_FAMILY = "1,2";
			};
			name = Release;
		};
/* End XCBuildConfiguration section */

/* Begin XCConfigurationList section */
		830AC1631FD3D2FD004221A3 /* Build configuration list for PBXProject "Florist" */ = {
			isa = XCConfigurationList;
			buildConfigurations = (
				830AC1781FD3D2FD004221A3 /* Debug */,
				830AC1791FD3D2FD004221A3 /* Release */,
			);
			defaultConfigurationIsVisible = 0;
			defaultConfigurationName = Release;
		};
		830AC17A1FD3D2FD004221A3 /* Build configuration list for PBXNativeTarget "Florist" */ = {
			isa = XCConfigurationList;
			buildConfigurations = (
				830AC17B1FD3D2FD004221A3 /* Debug */,
				830AC17C1FD3D2FD004221A3 /* Release */,
			);
			defaultConfigurationIsVisible = 0;
			defaultConfigurationName = Release;
		};
/* End XCConfigurationList section */
	};
	rootObject = 830AC1601FD3D2FD004221A3 /* Project object */;
}
